
Microsoft Visual Studio Solution File, Format Version 12.00
# Visual Studio Version 16
VisualStudioVersion = 16.0.30804.86
MinimumVisualStudioVersion = 10.0.40219.1
Project("{9A19103F-16F7-4668-BE54-9A1E7A4F7556}") = "KampIntro", "KampIntro\KampIntro.csproj", "{9FD98CFC-75F7-439A-8542-F5B30579A0B9}"
EndProject
Project("{9A19103F-16F7-4668-BE54-9A1E7A4F7556}") = "Donguler", "Donguler\Donguler.csproj", "{10FD4A5E-D3F3-459B-AA5D-F9D033D01011}"
EndProject
Project("{9A19103F-16F7-4668-BE54-9A1E7A4F7556}") = "ClassIntro", "ClassIntro\ClassIntro.csproj", "{3018D57E-6759-4BC1-B168-DEDC4E0F8DE7}"
EndProject
Project("{FAE04EC0-301F-11D3-BF4B-00C04F79EFBC}") = "Metotlar", "Metotlar\Metotlar.csproj", "{E4BF5275-6257-45FD-B9E5-E5F1154F204D}"
EndProject
Project("{FAE04EC0-301F-11D3-BF4B-00C04F79EFBC}") = "Matematik", "Matematik\Matematik.csproj", "{C0E66658-B2E9-4957-A54D-2819CCCB02E1}"
EndProject
Project("{FAE04EC0-301F-11D3-BF4B-00C04F79EFBC}") = "DegerVeReferansTipler", "DegerVeReferansTipler\DegerVeReferansTipler.csproj", "{0D9BA043-3E99-4589-B18C-948C030842AC}"
EndProject
Global
	GlobalSection(SolutionConfigurationPlatforms) = preSolution
		Debug|Any CPU = Debug|Any CPU
		Release|Any CPU = Release|Any CPU
	EndGlobalSection
	GlobalSection(ProjectConfigurationPlatforms) = postSolution
		{9FD98CFC-75F7-439A-8542-F5B30579A0B9}.Debug|Any CPU.ActiveCfg = Debug|Any CPU
		{9FD98CFC-75F7-439A-8542-F5B30579A0B9}.Debug|Any CPU.Build.0 = Debug|Any CPU
		{9FD98CFC-75F7-439A-8542-F5B30579A0B9}.Release|Any CPU.ActiveCfg = Release|Any CPU
		{9FD98CFC-75F7-439A-8542-F5B30579A0B9}.Release|Any CPU.Build.0 = Release|Any CPU
		{10FD4A5E-D3F3-459B-AA5D-F9D033D01011}.Debug|Any CPU.ActiveCfg = Debug|Any CPU
		{10FD4A5E-D3F3-459B-AA5D-F9D033D01011}.Debug|Any CPU.Build.0 = Debug|Any CPU
		{10FD4A5E-D3F3-459B-AA5D-F9D033D01011}.Release|Any CPU.ActiveCfg = Release|Any CPU
		{10FD4A5E-D3F3-459B-AA5D-F9D033D01011}.Release|Any CPU.Build.0 = Release|Any CPU
		{3018D57E-6759-4BC1-B168-DEDC4E0F8DE7}.Debug|Any CPU.ActiveCfg = Debug|Any CPU
		{3018D57E-6759-4BC1-B168-DEDC4E0F8DE7}.Debug|Any CPU.Build.0 = Debug|Any CPU
		{3018D57E-6759-4BC1-B168-DEDC4E0F8DE7}.Release|Any CPU.ActiveCfg = Release|Any CPU
		{3018D57E-6759-4BC1-B168-DEDC4E0F8DE7}.Release|Any CPU.Build.0 = Release|Any CPU
		{E4BF5275-6257-45FD-B9E5-E5F1154F204D}.Debug|Any CPU.ActiveCfg = Debug|Any CPU
		{E4BF5275-6257-45FD-B9E5-E5F1154F204D}.Debug|Any CPU.Build.0 = Debug|Any CPU
		{E4BF5275-6257-45FD-B9E5-E5F1154F204D}.Release|Any CPU.ActiveCfg = Release|Any CPU
		{E4BF5275-6257-45FD-B9E5-E5F1154F204D}.Release|Any CPU.Build.0 = Release|Any CPU
		{C0E66658-B2E9-4957-A54D-2819CCCB02E1}.Debug|Any CPU.ActiveCfg = Debug|Any CPU
		{C0E66658-B2E9-4957-A54D-2819CCCB02E1}.Debug|Any CPU.Build.0 = Debug|Any CPU
		{C0E66658-B2E9-4957-A54D-2819CCCB02E1}.Release|Any CPU.ActiveCfg = Release|Any CPU
		{C0E66658-B2E9-4957-A54D-2819CCCB02E1}.Release|Any CPU.Build.0 = Release|Any CPU
		{0D9BA043-3E99-4589-B18C-948C030842AC}.Debug|Any CPU.ActiveCfg = Debug|Any CPU
		{0D9BA043-3E99-4589-B18C-948C030842AC}.Debug|Any CPU.Build.0 = Debug|Any CPU
		{0D9BA043-3E99-4589-B18C-948C030842AC}.Release|Any CPU.ActiveCfg = Release|Any CPU
		{0D9BA043-3E99-4589-B18C-948C030842AC}.Release|Any CPU.Build.0 = Release|Any CPU
	EndGlobalSection
	GlobalSection(SolutionProperties) = preSolution
		HideSolutionNode = FALSE
	EndGlobalSection
	GlobalSection(ExtensibilityGlobals) = postSolution
		SolutionGuid = {CB932A1E-1476-416B-99A1-B81115BADAC9}
	EndGlobalSection
EndGlobal
